
Microsoft Visual Studio Solution File, Format Version 12.00
# Visual Studio 2015
Project("{FAE04EC0-301F-11D3-BF4B-00C04F79EFBC}") = "UniRx", "UniRx.csproj", "{27D79D8D-558D-B61A-7B9D-B46758AE7244}"
EndProject
Project("{FAE04EC0-301F-11D3-BF4B-00C04F79EFBC}") = "UniRx.Async", "UniRx.Async.csproj", "{0C124D0D-0BB9-A882-745C-17BD2F6ED3CD}"
EndProject
Project("{FAE04EC0-301F-11D3-BF4B-00C04F79EFBC}") = "UniRx_study.Plugins", "UniRx_study.Plugins.csproj", "{AE05719D-3A93-896C-84C2-D43AF137F3B1}"
EndProject
Project("{FAE04EC0-301F-11D3-BF4B-00C04F79EFBC}") = "UniRx_study", "UniRx_study.csproj", "{1E35B575-8D99-ED96-D67C-5E8107ED2386}"
EndProject
Global
	GlobalSection(SolutionConfigurationPlatforms) = preSolution
		Debug|Any CPU = Debug|Any CPU
		Release|Any CPU = Release|Any CPU
	EndGlobalSection
	GlobalSection(ProjectConfigurationPlatforms) = postSolution
		{27D79D8D-558D-B61A-7B9D-B46758AE7244}.Debug|Any CPU.ActiveCfg = Debug|Any CPU
		{27D79D8D-558D-B61A-7B9D-B46758AE7244}.Debug|Any CPU.Build.0 = Debug|Any CPU
		{27D79D8D-558D-B61A-7B9D-B46758AE7244}.Release|Any CPU.ActiveCfg = Release|Any CPU
		{27D79D8D-558D-B61A-7B9D-B46758AE7244}.Release|Any CPU.Build.0 = Release|Any CPU
		{0C124D0D-0BB9-A882-745C-17BD2F6ED3CD}.Debug|Any CPU.ActiveCfg = Debug|Any CPU
		{0C124D0D-0BB9-A882-745C-17BD2F6ED3CD}.Debug|Any CPU.Build.0 = Debug|Any CPU
		{0C124D0D-0BB9-A882-745C-17BD2F6ED3CD}.Release|Any CPU.ActiveCfg = Release|Any CPU
		{0C124D0D-0BB9-A882-745C-17BD2F6ED3CD}.Release|Any CPU.Build.0 = Release|Any CPU
		{AE05719D-3A93-896C-84C2-D43AF137F3B1}.Debug|Any CPU.ActiveCfg = Debug|Any CPU
		{AE05719D-3A93-896C-84C2-D43AF137F3B1}.Debug|Any CPU.Build.0 = Debug|Any CPU
		{AE05719D-3A93-896C-84C2-D43AF137F3B1}.Release|Any CPU.ActiveCfg = Release|Any CPU
		{AE05719D-3A93-896C-84C2-D43AF137F3B1}.Release|Any CPU.Build.0 = Release|Any CPU
		{1E35B575-8D99-ED96-D67C-5E8107ED2386}.Debug|Any CPU.ActiveCfg = Debug|Any CPU
		{1E35B575-8D99-ED96-D67C-5E8107ED2386}.Debug|Any CPU.Build.0 = Debug|Any CPU
		{1E35B575-8D99-ED96-D67C-5E8107ED2386}.Release|Any CPU.ActiveCfg = Release|Any CPU
		{1E35B575-8D99-ED96-D67C-5E8107ED2386}.Release|Any CPU.Build.0 = Release|Any CPU
	EndGlobalSection
	GlobalSection(SolutionProperties) = preSolution
		HideSolutionNode = FALSE
	EndGlobalSection
EndGlobal
